
Microsoft Visual Studio Solution File, Format Version 12.00
Project("{FAE04EC0-301F-11D3-BF4B-00C04F79EFBC}") = "Obj2Header", "Obj2Header\Obj2Header.csproj", "{1C1A7242-1999-4024-B6D2-77BB4BDA98EC}"
EndProject
Global
	GlobalSection(SolutionConfigurationPlatforms) = preSolution
		Debug|Any CPU = Debug|Any CPU
		Release|Any CPU = Release|Any CPU
	EndGlobalSection
	GlobalSection(ProjectConfigurationPlatforms) = postSolution
		{1C1A7242-1999-4024-B6D2-77BB4BDA98EC}.Debug|Any CPU.ActiveCfg = Debug|Any CPU
		{1C1A7242-1999-4024-B6D2-77BB4BDA98EC}.Debug|Any CPU.Build.0 = Debug|Any CPU
		{1C1A7242-1999-4024-B6D2-77BB4BDA98EC}.Release|Any CPU.ActiveCfg = Release|Any CPU
		{1C1A7242-1999-4024-B6D2-77BB4BDA98EC}.Release|Any CPU.Build.0 = Release|Any CPU
	EndGlobalSection
EndGlobal
